schema: '2.0'
stages:
  data_ingestion:
    cmd: python src/cnnClassifier/pipeline/stage_01_data_ingestion.py
    deps:
    - path: config/config.yaml
      hash: md5
      md5: c004aa5f4ab0bd3947444ada8a0e7181
      size: 812
    - path: src/cnnClassifier/pipeline/stage_01_data_ingestion.py
      hash: md5
      md5: e2da4dfd62a7348088f6a33f1cd43d55
      size: 914
    outs:
    - path: artifacts/data_ingestion/Chicken-fecal-images
      hash: md5
      md5: 9e1f8dd2eae3c29e9d635df89d438ae4.dir
      size: 12207807
      nfiles: 390
  prepare_base_model:
    cmd: python src/cnnClassifier/pipeline/stage_02_prepare_base_model.py
    deps:
    - path: config/config.yaml
      hash: md5
      md5: c004aa5f4ab0bd3947444ada8a0e7181
      size: 812
    - path: src/cnnClassifier/pipeline/stage_02_prepare_base_model.py
      hash: md5
      md5: 8aae07a8c80370fa80b9ea9ffe4283e5
      size: 997
    params:
      params.yaml:
        CLASSES: 2
        IMAGE_SIZE:
        - 224
        - 224
        - 3
        INCLUDE_TOP: false
        LEARNING_RATE: 0.01
        WEIGHTS: imagenet
    outs:
    - path: artifacts/prepare_base_model
      hash: md5
      md5: fe9a36f44717879f3951d3bb9ed93ff6.dir
      size: 118059248
      nfiles: 2
  training:
    cmd: python src/cnnClassifier/pipeline/stage_03_training.py
    deps:
    - path: artifacts/data_ingestion/Chicken-fecal-images
      hash: md5
      md5: 9e1f8dd2eae3c29e9d635df89d438ae4.dir
      size: 12207807
      nfiles: 390
    - path: artifacts/prepare_base_model
      hash: md5
      md5: fe9a36f44717879f3951d3bb9ed93ff6.dir
      size: 118059248
      nfiles: 2
    - path: config/config.yaml
      hash: md5
      md5: c004aa5f4ab0bd3947444ada8a0e7181
      size: 812
    - path: src/cnnClassifier/components/prepare_callbacks.py
      hash: md5
      md5: 534e49a872b32e52db495888faf76386
      size: 948
    - path: src/cnnClassifier/pipeline/stage_03_training.py
      hash: md5
      md5: 704a9a40a47349a12f6b93e7c3c433fe
      size: 1264
    params:
      params.yaml:
        AUGMENTATION: true
        BATCH_SIZE: 16
        EPOCHS: 1
        IMAGE_SIZE:
        - 224
        - 224
        - 3
    outs:
    - path: artifacts/training/model.h5
      hash: md5
      md5: 7308338708e467e65ca956262338cbb5
      size: 59340720
  evaluation:
    cmd: python src/cnnClassifier/pipeline/stage_04_evaluation.py
    deps:
    - path: artifacts/data_ingestion/Chicken-fecal-images
      hash: md5
      md5: 9e1f8dd2eae3c29e9d635df89d438ae4.dir
      size: 12207807
      nfiles: 390
    - path: artifacts/training/model.h5
      hash: md5
      md5: 7308338708e467e65ca956262338cbb5
      size: 59340720
    - path: config/config.yaml
      hash: md5
      md5: c004aa5f4ab0bd3947444ada8a0e7181
      size: 812
    - path: src/cnnClassifier/pipeline/stage_04_evaluation.py
      hash: md5
      md5: 0cf04626c203bfbf93070410530a5c44
      size: 867
    params:
      params.yaml:
        BATCH_SIZE: 16
        IMAGE_SIZE:
        - 224
        - 224
        - 3
    outs:
    - path: scores.json
      hash: md5
      md5: 8a0e9a51072279657f6d4c3ae0cc8948
      size: 74
